
Microsoft Visual Studio Solution File, Format Version 12.00
# Visual Studio Version 17
VisualStudioVersion = 17.12.35707.178
MinimumVisualStudioVersion = 10.0.40219.1
Project("{FAE04EC0-301F-11D3-BF4B-00C04F79EFBC}") = "Yape.Transaction.Api", "Yape.Transaction.Api\Yape.Transaction.Api.csproj", "{D6D42370-6699-4458-842A-825984E5A30F}"
EndProject
Project("{FAE04EC0-301F-11D3-BF4B-00C04F79EFBC}") = "Yape.Transaction.Core", "Yape.Transaction.Core\Yape.Transaction.Core.csproj", "{D2DF36E7-FA49-426A-9D1F-6C55CB3F1ED4}"
EndProject
Project("{FAE04EC0-301F-11D3-BF4B-00C04F79EFBC}") = "Yape.Transaction.Infrastructure", "Yape.Transaction.Infrastructure\Yape.Transaction.Infrastructure.csproj", "{021542CB-B201-4222-A1C3-D9477AAACBF2}"
EndProject
Project("{E53339B2-1760-4266-BCC7-CA923CBCF16C}") = "docker-compose", "docker-compose.dcproj", "{9AD638CB-3051-4259-85C5-DCAD07E41441}"
EndProject
Project("{FAE04EC0-301F-11D3-BF4B-00C04F79EFBC}") = "Yape.Transaction.Test", "Yape.Transaction.Test\Yape.Transaction.Test.csproj", "{6FF00476-E918-40AD-9980-5E65393C8CFB}"
EndProject
Global
	GlobalSection(SolutionConfigurationPlatforms) = preSolution
		Debug|Any CPU = Debug|Any CPU
		Release|Any CPU = Release|Any CPU
	EndGlobalSection
	GlobalSection(ProjectConfigurationPlatforms) = postSolution
		{D6D42370-6699-4458-842A-825984E5A30F}.Debug|Any CPU.ActiveCfg = Debug|Any CPU
		{D6D42370-6699-4458-842A-825984E5A30F}.Debug|Any CPU.Build.0 = Debug|Any CPU
		{D6D42370-6699-4458-842A-825984E5A30F}.Release|Any CPU.ActiveCfg = Release|Any CPU
		{D6D42370-6699-4458-842A-825984E5A30F}.Release|Any CPU.Build.0 = Release|Any CPU
		{D2DF36E7-FA49-426A-9D1F-6C55CB3F1ED4}.Debug|Any CPU.ActiveCfg = Debug|Any CPU
		{D2DF36E7-FA49-426A-9D1F-6C55CB3F1ED4}.Debug|Any CPU.Build.0 = Debug|Any CPU
		{D2DF36E7-FA49-426A-9D1F-6C55CB3F1ED4}.Release|Any CPU.ActiveCfg = Release|Any CPU
		{D2DF36E7-FA49-426A-9D1F-6C55CB3F1ED4}.Release|Any CPU.Build.0 = Release|Any CPU
		{021542CB-B201-4222-A1C3-D9477AAACBF2}.Debug|Any CPU.ActiveCfg = Debug|Any CPU
		{021542CB-B201-4222-A1C3-D9477AAACBF2}.Debug|Any CPU.Build.0 = Debug|Any CPU
		{021542CB-B201-4222-A1C3-D9477AAACBF2}.Release|Any CPU.ActiveCfg = Release|Any CPU
		{021542CB-B201-4222-A1C3-D9477AAACBF2}.Release|Any CPU.Build.0 = Release|Any CPU
		{9AD638CB-3051-4259-85C5-DCAD07E41441}.Debug|Any CPU.ActiveCfg = Debug|Any CPU
		{9AD638CB-3051-4259-85C5-DCAD07E41441}.Debug|Any CPU.Build.0 = Debug|Any CPU
		{9AD638CB-3051-4259-85C5-DCAD07E41441}.Release|Any CPU.ActiveCfg = Release|Any CPU
		{9AD638CB-3051-4259-85C5-DCAD07E41441}.Release|Any CPU.Build.0 = Release|Any CPU
		{6FF00476-E918-40AD-9980-5E65393C8CFB}.Debug|Any CPU.ActiveCfg = Debug|Any CPU
		{6FF00476-E918-40AD-9980-5E65393C8CFB}.Debug|Any CPU.Build.0 = Debug|Any CPU
		{6FF00476-E918-40AD-9980-5E65393C8CFB}.Release|Any CPU.ActiveCfg = Release|Any CPU
		{6FF00476-E918-40AD-9980-5E65393C8CFB}.Release|Any CPU.Build.0 = Release|Any CPU
	EndGlobalSection
	GlobalSection(SolutionProperties) = preSolution
		HideSolutionNode = FALSE
	EndGlobalSection
EndGlobal
